
Microsoft Visual Studio Solution File, Format Version 12.00
# Visual Studio Version 17
VisualStudioVersion = 17.11.35327.3
MinimumVisualStudioVersion = 10.0.40219.1
Project("{8BC9CEB8-8B4A-11D0-8D11-00A0C91BC942}") = "AvoidPoo", "AvoidPoo.vcxproj", "{3A882191-5194-40C4-B576-DBC8B106482A}"
EndProject
Global
	GlobalSection(SolutionConfigurationPlatforms) = preSolution
		Debug|x64 = Debug|x64
		Debug|x86 = Debug|x86
		Release|x64 = Release|x64
		Release|x86 = Release|x86
	EndGlobalSection
	GlobalSection(ProjectConfigurationPlatforms) = postSolution
		{3A882191-5194-40C4-B576-DBC8B106482A}.Debug|x64.ActiveCfg = Debug|x64
		{3A882191-5194-40C4-B576-DBC8B106482A}.Debug|x64.Build.0 = Debug|x64
		{3A882191-5194-40C4-B576-DBC8B106482A}.Debug|x86.ActiveCfg = Debug|Win32
		{3A882191-5194-40C4-B576-DBC8B106482A}.Debug|x86.Build.0 = Debug|Win32
		{3A882191-5194-40C4-B576-DBC8B106482A}.Release|x64.ActiveCfg = Release|x64
		{3A882191-5194-40C4-B576-DBC8B106482A}.Release|x64.Build.0 = Release|x64
		{3A882191-5194-40C4-B576-DBC8B106482A}.Release|x86.ActiveCfg = Release|Win32
		{3A882191-5194-40C4-B576-DBC8B106482A}.Release|x86.Build.0 = Release|Win32
	EndGlobalSection
	GlobalSection(SolutionProperties) = preSolution
		HideSolutionNode = FALSE
	EndGlobalSection
	GlobalSection(ExtensibilityGlobals) = postSolution
		SolutionGuid = {EA9B9404-B80C-41F8-AA27-B0918C0755E8}
	EndGlobalSection
EndGlobal
